
Microsoft Visual Studio Solution File, Format Version 12.00
# Visual Studio Version 17
VisualStudioVersion = 17.5.33414.496
MinimumVisualStudioVersion = 10.0.40219.1
Project("{FAE04EC0-301F-11D3-BF4B-00C04F79EFBC}") = "TextSpliterApp", "TextSpliterApp\TextSpliterApp.csproj", "{F12A5560-6A39-4F20-AD13-3EDAB91F0927}"
EndProject
Global
	GlobalSection(SolutionConfigurationPlatforms) = preSolution
		Debug|Any CPU = Debug|Any CPU
		Release|Any CPU = Release|Any CPU
	EndGlobalSection
	GlobalSection(ProjectConfigurationPlatforms) = postSolution
		{F12A5560-6A39-4F20-AD13-3EDAB91F0927}.Debug|Any CPU.ActiveCfg = Debug|Any CPU
		{F12A5560-6A39-4F20-AD13-3EDAB91F0927}.Debug|Any CPU.Build.0 = Debug|Any CPU
		{F12A5560-6A39-4F20-AD13-3EDAB91F0927}.Release|Any CPU.ActiveCfg = Release|Any CPU
		{F12A5560-6A39-4F20-AD13-3EDAB91F0927}.Release|Any CPU.Build.0 = Release|Any CPU
	EndGlobalSection
	GlobalSection(SolutionProperties) = preSolution
		HideSolutionNode = FALSE
	EndGlobalSection
	GlobalSection(ExtensibilityGlobals) = postSolution
		SolutionGuid = {88161ADF-E63A-4521-B730-11C56B87761F}
	EndGlobalSection
EndGlobal
